// !$*UTF8*$!
{
	archiveVersion = 1;
	classes = {
	};
	objectVersion = 56;
	objects = {

/* Begin PBXBuildFile section */
		B10838DF2C0089BE00F708FF /* CellConfigureable.swift in Sources */ = {isa = PBXBuildFile; fileRef = B10838DE2C0089BE00F708FF /* CellConfigureable.swift */; };
		B14174C72BFF2A9C00CC9F1F /* TodoModel.swift in Sources */ = {isa = PBXBuildFile; fileRef = B14174C62BFF2A9C00CC9F1F /* TodoModel.swift */; };
		B14174C92BFF2B7600CC9F1F /* TagModel.swift in Sources */ = {isa = PBXBuildFile; fileRef = B14174C82BFF2B7600CC9F1F /* TagModel.swift */; };
		B16F5CB02C328A97002E286E /* TodoWriteViewController.swift in Sources */ = {isa = PBXBuildFile; fileRef = B16F5CAF2C328A97002E286E /* TodoWriteViewController.swift */; };
		B1BAEFC52C344A4B004A16D5 /* UITextField+Ext.swift in Sources */ = {isa = PBXBuildFile; fileRef = B1BAEFC42C344A4B004A16D5 /* UITextField+Ext.swift */; };
		B1BAEFC72C345041004A16D5 /* EmptyView.swift in Sources */ = {isa = PBXBuildFile; fileRef = B1BAEFC62C345041004A16D5 /* EmptyView.swift */; };
		B1E9BED42BEE597B009A6365 /* AppDelegate.swift in Sources */ = {isa = PBXBuildFile; fileRef = B1E9BED32BEE597B009A6365 /* AppDelegate.swift */; };
		B1E9BED62BEE597B009A6365 /* SceneDelegate.swift in Sources */ = {isa = PBXBuildFile; fileRef = B1E9BED52BEE597B009A6365 /* SceneDelegate.swift */; };
		B1E9BEDD2BEE597D009A6365 /* Assets.xcassets in Resources */ = {isa = PBXBuildFile; fileRef = B1E9BEDC2BEE597D009A6365 /* Assets.xcassets */; };
		B1E9BEE02BEE597D009A6365 /* Base in Resources */ = {isa = PBXBuildFile; fileRef = B1E9BEDF2BEE597D009A6365 /* Base */; };
		B1E9BEEB2BEE597D009A6365 /* DailyTodoTests.swift in Sources */ = {isa = PBXBuildFile; fileRef = B1E9BEEA2BEE597D009A6365 /* DailyTodoTests.swift */; };
		B1E9BEF52BEE597D009A6365 /* DailyTodoUITests.swift in Sources */ = {isa = PBXBuildFile; fileRef = B1E9BEF42BEE597D009A6365 /* DailyTodoUITests.swift */; };
		B1E9BEF72BEE597D009A6365 /* DailyTodoUITestsLaunchTests.swift in Sources */ = {isa = PBXBuildFile; fileRef = B1E9BEF62BEE597D009A6365 /* DailyTodoUITestsLaunchTests.swift */; };
		B1EC82562BF89A2200556A22 /* MainViewController.swift in Sources */ = {isa = PBXBuildFile; fileRef = B1EC82552BF89A2200556A22 /* MainViewController.swift */; };
		B1EC82592BF89A5000556A22 /* UILayoutable.swift in Sources */ = {isa = PBXBuildFile; fileRef = B1EC82582BF89A5000556A22 /* UILayoutable.swift */; };
		B1EC825B2BF89C3900556A22 /* Documentation.docc in Sources */ = {isa = PBXBuildFile; fileRef = B1EC825A2BF89C3900556A22 /* Documentation.docc */; };
		B1EC825E2BF89F4900556A22 /* ReactorKit in Frameworks */ = {isa = PBXBuildFile; productRef = B1EC825D2BF89F4900556A22 /* ReactorKit */; };
		B1EC82612BF89F5800556A22 /* Then in Frameworks */ = {isa = PBXBuildFile; productRef = B1EC82602BF89F5800556A22 /* Then */; };
		B1EC82642BF89F6500556A22 /* FlexLayout in Frameworks */ = {isa = PBXBuildFile; productRef = B1EC82632BF89F6500556A22 /* FlexLayout */; };
		B1EC82672BF89F7100556A22 /* PinLayout in Frameworks */ = {isa = PBXBuildFile; productRef = B1EC82662BF89F7100556A22 /* PinLayout */; };
		B1EC82692BF8A1AF00556A22 /* BaseViewController.swift in Sources */ = {isa = PBXBuildFile; fileRef = B1EC82682BF8A1AF00556A22 /* BaseViewController.swift */; };
		B1EC826B2BF8A78300556A22 /* PriorityCardCollectionViewCell.swift in Sources */ = {isa = PBXBuildFile; fileRef = B1EC826A2BF8A78300556A22 /* PriorityCardCollectionViewCell.swift */; };
		B1EC826D2BF8A81C00556A22 /* TagView.swift in Sources */ = {isa = PBXBuildFile; fileRef = B1EC826C2BF8A81C00556A22 /* TagView.swift */; };
		B1EC826F2BF8AE6200556A22 /* TodoCollectionViewCell.swift in Sources */ = {isa = PBXBuildFile; fileRef = B1EC826E2BF8AE6200556A22 /* TodoCollectionViewCell.swift */; };
		B1EC82722BF8EC1E00556A22 /* GraphView.swift in Sources */ = {isa = PBXBuildFile; fileRef = B1EC82712BF8EC1E00556A22 /* GraphView.swift */; };
/* End PBXBuildFile section */

/* Begin PBXContainerItemProxy section */
		B1E9BEE72BEE597D009A6365 /* PBXContainerItemProxy */ = {
			isa = PBXContainerItemProxy;
			containerPortal = B1E9BEC82BEE597B009A6365 /* Project object */;
			proxyType = 1;
			remoteGlobalIDString = B1E9BECF2BEE597B009A6365;
			remoteInfo = DailyTodo;
		};
		B1E9BEF12BEE597D009A6365 /* PBXContainerItemProxy */ = {
			isa = PBXContainerItemProxy;
			containerPortal = B1E9BEC82BEE597B009A6365 /* Project object */;
			proxyType = 1;
			remoteGlobalIDString = B1E9BECF2BEE597B009A6365;
			remoteInfo = DailyTodo;
		};
/* End PBXContainerItemProxy section */

/* Begin PBXFileReference section */
		B10838DE2C0089BE00F708FF /* CellConfigureable.swift */ = {isa = PBXFileReference; lastKnownFileType = sourcecode.swift; path = CellConfigureable.swift; sourceTree = "<group>"; };
		B14174C62BFF2A9C00CC9F1F /* TodoModel.swift */ = {isa = PBXFileReference; lastKnownFileType = sourcecode.swift; path = TodoModel.swift; sourceTree = "<group>"; };
		B14174C82BFF2B7600CC9F1F /* TagModel.swift */ = {isa = PBXFileReference; lastKnownFileType = sourcecode.swift; path = TagModel.swift; sourceTree = "<group>"; };
		B16F5CAF2C328A97002E286E /* TodoWriteViewController.swift */ = {isa = PBXFileReference; lastKnownFileType = sourcecode.swift; path = TodoWriteViewController.swift; sourceTree = "<group>"; };
		B1BAEFC42C344A4B004A16D5 /* UITextField+Ext.swift */ = {isa = PBXFileReference; lastKnownFileType = sourcecode.swift; path = "UITextField+Ext.swift"; sourceTree = "<group>"; };
		B1BAEFC62C345041004A16D5 /* EmptyView.swift */ = {isa = PBXFileReference; lastKnownFileType = sourcecode.swift; path = EmptyView.swift; sourceTree = "<group>"; };
		B1E9BED02BEE597B009A6365 /* DailyTodo.app */ = {isa = PBXFileReference; explicitFileType = wrapper.application; includeInIndex = 0; path = DailyTodo.app; sourceTree = BUILT_PRODUCTS_DIR; };
		B1E9BED32BEE597B009A6365 /* AppDelegate.swift */ = {isa = PBXFileReference; lastKnownFileType = sourcecode.swift; path = AppDelegate.swift; sourceTree = "<group>"; };
		B1E9BED52BEE597B009A6365 /* SceneDelegate.swift */ = {isa = PBXFileReference; lastKnownFileType = sourcecode.swift; path = SceneDelegate.swift; sourceTree = "<group>"; };
		B1E9BEDC2BEE597D009A6365 /* Assets.xcassets */ = {isa = PBXFileReference; lastKnownFileType = folder.assetcatalog; path = Assets.xcassets; sourceTree = "<group>"; };
		B1E9BEDF2BEE597D009A6365 /* Base */ = {isa = PBXFileReference; lastKnownFileType = file.storyboard; name = Base; path = Base.lproj/LaunchScreen.storyboard; sourceTree = "<group>"; };
		B1E9BEE12BEE597D009A6365 /* Info.plist */ = {isa = PBXFileReference; lastKnownFileType = text.plist.xml; path = Info.plist; sourceTree = "<group>"; };
		B1E9BEE62BEE597D009A6365 /* DailyTodoTests.xctest */ = {isa = PBXFileReference; explicitFileType = wrapper.cfbundle; includeInIndex = 0; path = DailyTodoTests.xctest; sourceTree = BUILT_PRODUCTS_DIR; };
		B1E9BEEA2BEE597D009A6365 /* DailyTodoTests.swift */ = {isa = PBXFileReference; lastKnownFileType = sourcecode.swift; path = DailyTodoTests.swift; sourceTree = "<group>"; };
		B1E9BEF02BEE597D009A6365 /* DailyTodoUITests.xctest */ = {isa = PBXFileReference; explicitFileType = wrapper.cfbundle; includeInIndex = 0; path = DailyTodoUITests.xctest; sourceTree = BUILT_PRODUCTS_DIR; };
		B1E9BEF42BEE597D009A6365 /* DailyTodoUITests.swift */ = {isa = PBXFileReference; lastKnownFileType = sourcecode.swift; path = DailyTodoUITests.swift; sourceTree = "<group>"; };
		B1E9BEF62BEE597D009A6365 /* DailyTodoUITestsLaunchTests.swift */ = {isa = PBXFileReference; lastKnownFileType = sourcecode.swift; path = DailyTodoUITestsLaunchTests.swift; sourceTree = "<group>"; };
		B1EC82552BF89A2200556A22 /* MainViewController.swift */ = {isa = PBXFileReference; lastKnownFileType = sourcecode.swift; path = MainViewController.swift; sourceTree = "<group>"; };
		B1EC82582BF89A5000556A22 /* UILayoutable.swift */ = {isa = PBXFileReference; lastKnownFileType = sourcecode.swift; path = UILayoutable.swift; sourceTree = "<group>"; };
		B1EC825A2BF89C3900556A22 /* Documentation.docc */ = {isa = PBXFileReference; lastKnownFileType = folder.documentationcatalog; path = Documentation.docc; sourceTree = "<group>"; };
		B1EC82682BF8A1AF00556A22 /* BaseViewController.swift */ = {isa = PBXFileReference; lastKnownFileType = sourcecode.swift; path = BaseViewController.swift; sourceTree = "<group>"; };
		B1EC826A2BF8A78300556A22 /* PriorityCardCollectionViewCell.swift */ = {isa = PBXFileReference; lastKnownFileType = sourcecode.swift; path = PriorityCardCollectionViewCell.swift; sourceTree = "<group>"; };
		B1EC826C2BF8A81C00556A22 /* TagView.swift */ = {isa = PBXFileReference; lastKnownFileType = sourcecode.swift; path = TagView.swift; sourceTree = "<group>"; };
		B1EC826E2BF8AE6200556A22 /* TodoCollectionViewCell.swift */ = {isa = PBXFileReference; lastKnownFileType = sourcecode.swift; path = TodoCollectionViewCell.swift; sourceTree = "<group>"; };
		B1EC82712BF8EC1E00556A22 /* GraphView.swift */ = {isa = PBXFileReference; lastKnownFileType = sourcecode.swift; path = GraphView.swift; sourceTree = "<group>"; };
/* End PBXFileReference section */

/* Begin PBXFrameworksBuildPhase section */
		B1E9BECD2BEE597B009A6365 /* Frameworks */ = {
			isa = PBXFrameworksBuildPhase;
			buildActionMask = 2147483647;
			files = (
				B1EC82642BF89F6500556A22 /* FlexLayout in Frameworks */,
				B1EC825E2BF89F4900556A22 /* ReactorKit in Frameworks */,
				B1EC82672BF89F7100556A22 /* PinLayout in Frameworks */,
				B1EC82612BF89F5800556A22 /* Then in Frameworks */,
			);
			runOnlyForDeploymentPostprocessing = 0;
		};
		B1E9BEE32BEE597D009A6365 /* Frameworks */ = {
			isa = PBXFrameworksBuildPhase;
			buildActionMask = 2147483647;
			files = (
			);
			runOnlyForDeploymentPostprocessing = 0;
		};
		B1E9BEED2BEE597D009A6365 /* Frameworks */ = {
			isa = PBXFrameworksBuildPhase;
			buildActionMask = 2147483647;
			files = (
			);
			runOnlyForDeploymentPostprocessing = 0;
		};
/* End PBXFrameworksBuildPhase section */

/* Begin PBXGroup section */
		B14174C42BFF2A6B00CC9F1F /* ViewController */ = {
			isa = PBXGroup;
			children = (
				B1EC82552BF89A2200556A22 /* MainViewController.swift */,
				B16F5CAF2C328A97002E286E /* TodoWriteViewController.swift */,
			);
			path = ViewController;
			sourceTree = "<group>";
		};
		B14174C52BFF2A7400CC9F1F /* View */ = {
			isa = PBXGroup;
			children = (
				B1EC826A2BF8A78300556A22 /* PriorityCardCollectionViewCell.swift */,
				B1EC826E2BF8AE6200556A22 /* TodoCollectionViewCell.swift */,
			);
			path = View;
			sourceTree = "<group>";
		};
		B14174CA2BFF2FEF00CC9F1F /* Data */ = {
			isa = PBXGroup;
			children = (
				B14174C82BFF2B7600CC9F1F /* TagModel.swift */,
				B14174C62BFF2A9C00CC9F1F /* TodoModel.swift */,
			);
			path = Data;
			sourceTree = "<group>";
		};
		B1E9BEC72BEE597B009A6365 = {
			isa = PBXGroup;
			children = (
				B1E9BED22BEE597B009A6365 /* DailyTodo */,
				B1E9BEE92BEE597D009A6365 /* DailyTodoTests */,
				B1E9BEF32BEE597D009A6365 /* DailyTodoUITests */,
				B1E9BED12BEE597B009A6365 /* Products */,
			);
			sourceTree = "<group>";
		};
		B1E9BED12BEE597B009A6365 /* Products */ = {
			isa = PBXGroup;
			children = (
				B1E9BED02BEE597B009A6365 /* DailyTodo.app */,
				B1E9BEE62BEE597D009A6365 /* DailyTodoTests.xctest */,
				B1E9BEF02BEE597D009A6365 /* DailyTodoUITests.xctest */,
			);
			name = Products;
			sourceTree = "<group>";
		};
		B1E9BED22BEE597B009A6365 /* DailyTodo */ = {
			isa = PBXGroup;
			children = (
				B1E9BF032BEE59F5009A6365 /* App */,
				B1EC82572BF89A4400556A22 /* Common */,
				B14174CA2BFF2FEF00CC9F1F /* Data */,
				B1EC82532BF898F100556A22 /* Feature */,
				B1E9BF042BEE59FD009A6365 /* Support */,
			);
			path = DailyTodo;
			sourceTree = "<group>";
		};
		B1E9BEE92BEE597D009A6365 /* DailyTodoTests */ = {
			isa = PBXGroup;
			children = (
				B1E9BEEA2BEE597D009A6365 /* DailyTodoTests.swift */,
			);
			path = DailyTodoTests;
			sourceTree = "<group>";
		};
		B1E9BEF32BEE597D009A6365 /* DailyTodoUITests */ = {
			isa = PBXGroup;
			children = (
				B1E9BEF42BEE597D009A6365 /* DailyTodoUITests.swift */,
				B1E9BEF62BEE597D009A6365 /* DailyTodoUITestsLaunchTests.swift */,
			);
			path = DailyTodoUITests;
			sourceTree = "<group>";
		};
		B1E9BF032BEE59F5009A6365 /* App */ = {
			isa = PBXGroup;
			children = (
				B1E9BED32BEE597B009A6365 /* AppDelegate.swift */,
				B1E9BED52BEE597B009A6365 /* SceneDelegate.swift */,
			);
			path = App;
			sourceTree = "<group>";
		};
		B1E9BF042BEE59FD009A6365 /* Support */ = {
			isa = PBXGroup;
			children = (
				B1E9BEDC2BEE597D009A6365 /* Assets.xcassets */,
				B1E9BEDE2BEE597D009A6365 /* LaunchScreen.storyboard */,
				B1E9BEE12BEE597D009A6365 /* Info.plist */,
				B1EC825A2BF89C3900556A22 /* Documentation.docc */,
			);
			path = Support;
			sourceTree = "<group>";
		};
		B1EC82532BF898F100556A22 /* Feature */ = {
			isa = PBXGroup;
			children = (
				B1EC82542BF899FF00556A22 /* Main */,
			);
			path = Feature;
			sourceTree = "<group>";
		};
		B1EC82542BF899FF00556A22 /* Main */ = {
			isa = PBXGroup;
			children = (
				B14174C52BFF2A7400CC9F1F /* View */,
				B14174C42BFF2A6B00CC9F1F /* ViewController */,
			);
			path = Main;
			sourceTree = "<group>";
		};
		B1EC82572BF89A4400556A22 /* Common */ = {
			isa = PBXGroup;
			children = (
				B1EC82702BF8B10200556A22 /* CustomView */,
				B1EC82582BF89A5000556A22 /* UILayoutable.swift */,
				B10838DE2C0089BE00F708FF /* CellConfigureable.swift */,
				B1BAEFC42C344A4B004A16D5 /* UITextField+Ext.swift */,
			);
			path = Common;
			sourceTree = "<group>";
		};
		B1EC82702BF8B10200556A22 /* CustomView */ = {
			isa = PBXGroup;
			children = (
				B1EC826C2BF8A81C00556A22 /* TagView.swift */,
				B1EC82682BF8A1AF00556A22 /* BaseViewController.swift */,
				B1EC82712BF8EC1E00556A22 /* GraphView.swift */,
				B1BAEFC62C345041004A16D5 /* EmptyView.swift */,
			);
			path = CustomView;
			sourceTree = "<group>";
		};
/* End PBXGroup section */

/* Begin PBXNativeTarget section */
		B1E9BECF2BEE597B009A6365 /* DailyTodo */ = {
			isa = PBXNativeTarget;
			buildConfigurationList = B1E9BEFA2BEE597D009A6365 /* Build configuration list for PBXNativeTarget "DailyTodo" */;
			buildPhases = (
				B1E9BECC2BEE597B009A6365 /* Sources */,
				B1E9BECD2BEE597B009A6365 /* Frameworks */,
				B1E9BECE2BEE597B009A6365 /* Resources */,
			);
			buildRules = (
			);
			dependencies = (
			);
			name = DailyTodo;
			packageProductDependencies = (
				B1EC825D2BF89F4900556A22 /* ReactorKit */,
				B1EC82602BF89F5800556A22 /* Then */,
				B1EC82632BF89F6500556A22 /* FlexLayout */,
				B1EC82662BF89F7100556A22 /* PinLayout */,
			);
			productName = DailyTodo;
			productReference = B1E9BED02BEE597B009A6365 /* DailyTodo.app */;
			productType = "com.apple.product-type.application";
		};
		B1E9BEE52BEE597D009A6365 /* DailyTodoTests */ = {
			isa = PBXNativeTarget;
			buildConfigurationList = B1E9BEFD2BEE597D009A6365 /* Build configuration list for PBXNativeTarget "DailyTodoTests" */;
			buildPhases = (
				B1E9BEE22BEE597D009A6365 /* Sources */,
				B1E9BEE32BEE597D009A6365 /* Frameworks */,
				B1E9BEE42BEE597D009A6365 /* Resources */,
			);
			buildRules = (
			);
			dependencies = (
				B1E9BEE82BEE597D009A6365 /* PBXTargetDependency */,
			);
			name = DailyTodoTests;
			productName = DailyTodoTests;
			productReference = B1E9BEE62BEE597D009A6365 /* DailyTodoTests.xctest */;
			productType = "com.apple.product-type.bundle.unit-test";
		};
		B1E9BEEF2BEE597D009A6365 /* DailyTodoUITests */ = {
			isa = PBXNativeTarget;
			buildConfigurationList = B1E9BF002BEE597D009A6365 /* Build configuration list for PBXNativeTarget "DailyTodoUITests" */;
			buildPhases = (
				B1E9BEEC2BEE597D009A6365 /* Sources */,
				B1E9BEED2BEE597D009A6365 /* Frameworks */,
				B1E9BEEE2BEE597D009A6365 /* Resources */,
			);
			buildRules = (
			);
			dependencies = (
				B1E9BEF22BEE597D009A6365 /* PBXTargetDependency */,
			);
			name = DailyTodoUITests;
			productName = DailyTodoUITests;
			productReference = B1E9BEF02BEE597D009A6365 /* DailyTodoUITests.xctest */;
			productType = "com.apple.product-type.bundle.ui-testing";
		};
/* End PBXNativeTarget section */

/* Begin PBXProject section */
		B1E9BEC82BEE597B009A6365 /* Project object */ = {
			isa = PBXProject;
			attributes = {
				BuildIndependentTargetsInParallel = 1;
				LastSwiftUpdateCheck = 1530;
				LastUpgradeCheck = 1530;
				TargetAttributes = {
					B1E9BECF2BEE597B009A6365 = {
						CreatedOnToolsVersion = 15.3;
					};
					B1E9BEE52BEE597D009A6365 = {
						CreatedOnToolsVersion = 15.3;
						TestTargetID = B1E9BECF2BEE597B009A6365;
					};
					B1E9BEEF2BEE597D009A6365 = {
						CreatedOnToolsVersion = 15.3;
						TestTargetID = B1E9BECF2BEE597B009A6365;
					};
				};
			};
			buildConfigurationList = B1E9BECB2BEE597B009A6365 /* Build configuration list for PBXProject "DailyTodo" */;
			compatibilityVersion = "Xcode 14.0";
			developmentRegion = en;
			hasScannedForEncodings = 0;
			knownRegions = (
				en,
				Base,
			);
			mainGroup = B1E9BEC72BEE597B009A6365;
			packageReferences = (
				B1EC825C2BF89F4900556A22 /* XCRemoteSwiftPackageReference "ReactorKit" */,
				B1EC825F2BF89F5800556A22 /* XCRemoteSwiftPackageReference "Then" */,
				B1EC82622BF89F6500556A22 /* XCRemoteSwiftPackageReference "FlexLayout" */,
				B1EC82652BF89F7100556A22 /* XCRemoteSwiftPackageReference "PinLayout" */,
			);
			productRefGroup = B1E9BED12BEE597B009A6365 /* Products */;
			projectDirPath = "";
			projectRoot = "";
			targets = (
				B1E9BECF2BEE597B009A6365 /* DailyTodo */,
				B1E9BEE52BEE597D009A6365 /* DailyTodoTests */,
				B1E9BEEF2BEE597D009A6365 /* DailyTodoUITests */,
			);
		};
/* End PBXProject section */

/* Begin PBXResourcesBuildPhase section */
		B1E9BECE2BEE597B009A6365 /* Resources */ = {
			isa = PBXResourcesBuildPhase;
			buildActionMask = 2147483647;
			files = (
				B1E9BEDD2BEE597D009A6365 /* Assets.xcassets in Resources */,
				B1E9BEE02BEE597D009A6365 /* Base in Resources */,
			);
			runOnlyForDeploymentPostprocessing = 0;
		};
		B1E9BEE42BEE597D009A6365 /* Resources */ = {
			isa = PBXResourcesBuildPhase;
			buildActionMask = 2147483647;
			files = (
			);
			runOnlyForDeploymentPostprocessing = 0;
		};
		B1E9BEEE2BEE597D009A6365 /* Resources */ = {
			isa = PBXResourcesBuildPhase;
			buildActionMask = 2147483647;
			files = (
			);
			runOnlyForDeploymentPostprocessing = 0;
		};
/* End PBXResourcesBuildPhase section */

/* Begin PBXSourcesBuildPhase section */
		B1E9BECC2BEE597B009A6365 /* Sources */ = {
			isa = PBXSourcesBuildPhase;
			buildActionMask = 2147483647;
			files = (
				B14174C92BFF2B7600CC9F1F /* TagModel.swift in Sources */,
				B1BAEFC52C344A4B004A16D5 /* UITextField+Ext.swift in Sources */,
				B1EC826B2BF8A78300556A22 /* PriorityCardCollectionViewCell.swift in Sources */,
				B16F5CB02C328A97002E286E /* TodoWriteViewController.swift in Sources */,
				B1BAEFC72C345041004A16D5 /* EmptyView.swift in Sources */,
				B1EC82562BF89A2200556A22 /* MainViewController.swift in Sources */,
				B1EC82592BF89A5000556A22 /* UILayoutable.swift in Sources */,
				B14174C72BFF2A9C00CC9F1F /* TodoModel.swift in Sources */,
				B1E9BED42BEE597B009A6365 /* AppDelegate.swift in Sources */,
				B1EC825B2BF89C3900556A22 /* Documentation.docc in Sources */,
				B1EC82722BF8EC1E00556A22 /* GraphView.swift in Sources */,
				B1E9BED62BEE597B009A6365 /* SceneDelegate.swift in Sources */,
				B10838DF2C0089BE00F708FF /* CellConfigureable.swift in Sources */,
				B1EC82692BF8A1AF00556A22 /* BaseViewController.swift in Sources */,
				B1EC826F2BF8AE6200556A22 /* TodoCollectionViewCell.swift in Sources */,
				B1EC826D2BF8A81C00556A22 /* TagView.swift in Sources */,
			);
			runOnlyForDeploymentPostprocessing = 0;
		};
		B1E9BEE22BEE597D009A6365 /* Sources */ = {
			isa = PBXSourcesBuildPhase;
			buildActionMask = 2147483647;
			files = (
				B1E9BEEB2BEE597D009A6365 /* DailyTodoTests.swift in Sources */,
			);
			runOnlyForDeploymentPostprocessing = 0;
		};
		B1E9BEEC2BEE597D009A6365 /* Sources */ = {
			isa = PBXSourcesBuildPhase;
			buildActionMask = 2147483647;
			files = (
				B1E9BEF72BEE597D009A6365 /* DailyTodoUITestsLaunchTests.swift in Sources */,
				B1E9BEF52BEE597D009A6365 /* DailyTodoUITests.swift in Sources */,
			);
			runOnlyForDeploymentPostprocessing = 0;
		};
/* End PBXSourcesBuildPhase section */

/* Begin PBXTargetDependency section */
		B1E9BEE82BEE597D009A6365 /* PBXTargetDependency */ = {
			isa = PBXTargetDependency;
			target = B1E9BECF2BEE597B009A6365 /* DailyTodo */;
			targetProxy = B1E9BEE72BEE597D009A6365 /* PBXContainerItemProxy */;
		};
		B1E9BEF22BEE597D009A6365 /* PBXTargetDependency */ = {
			isa = PBXTargetDependency;
			target = B1E9BECF2BEE597B009A6365 /* DailyTodo */;
			targetProxy = B1E9BEF12BEE597D009A6365 /* PBXContainerItemProxy */;
		};
/* End PBXTargetDependency section */

/* Begin PBXVariantGroup section */
		B1E9BEDE2BEE597D009A6365 /* LaunchScreen.storyboard */ = {
			isa = PBXVariantGroup;
			children = (
				B1E9BEDF2BEE597D009A6365 /* Base */,
			);
			name = LaunchScreen.storyboard;
			sourceTree = "<group>";
		};
/* End PBXVariantGroup section */

/* Begin XCBuildConfiguration section */
		B1E9BEF82BEE597D009A6365 /* Debug */ = {
			isa = XCBuildConfiguration;
			buildSettings = {
				ALWAYS_SEARCH_USER_PATHS = NO;
				ASSETCATALOG_COMPILER_GENERATE_SWIFT_ASSET_SYMBOL_EXTENSIONS = YES;
				CLANG_ANALYZER_NONNULL = YES;
				CLANG_ANALYZER_NUMBER_OBJECT_CONVERSION = YES_AGGRESSIVE;
				CLANG_CXX_LANGUAGE_STANDARD = "gnu++20";
				CLANG_ENABLE_MODULES = YES;
				CLANG_ENABLE_OBJC_ARC = YES;
				CLANG_ENABLE_OBJC_WEAK = YES;
				CLANG_WARN_BLOCK_CAPTURE_AUTORELEASING = YES;
				CLANG_WARN_BOOL_CONVERSION = YES;
				CLANG_WARN_COMMA = YES;
				CLANG_WARN_CONSTANT_CONVERSION = YES;
				CLANG_WARN_DEPRECATED_OBJC_IMPLEMENTATIONS = YES;
				CLANG_WARN_DIRECT_OBJC_ISA_USAGE = YES_ERROR;
				CLANG_WARN_DOCUMENTATION_COMMENTS = YES;
				CLANG_WARN_EMPTY_BODY = YES;
				CLANG_WARN_ENUM_CONVERSION = YES;
				CLANG_WARN_INFINITE_RECURSION = YES;
				CLANG_WARN_INT_CONVERSION = YES;
				CLANG_WARN_NON_LITERAL_NULL_CONVERSION = YES;
				CLANG_WARN_OBJC_IMPLICIT_RETAIN_SELF = YES;
				CLANG_WARN_OBJC_LITERAL_CONVERSION = YES;
				CLANG_WARN_OBJC_ROOT_CLASS = YES_ERROR;
				CLANG_WARN_QUOTED_INCLUDE_IN_FRAMEWORK_HEADER = YES;
				CLANG_WARN_RANGE_LOOP_ANALYSIS = YES;
				CLANG_WARN_STRICT_PROTOTYPES = YES;
				CLANG_WARN_SUSPICIOUS_MOVE = YES;
				CLANG_WARN_UNGUARDED_AVAILABILITY = YES_AGGRESSIVE;
				CLANG_WARN_UNREACHABLE_CODE = YES;
				CLANG_WARN__DUPLICATE_METHOD_MATCH = YES;
				COPY_PHASE_STRIP = NO;
				DEBUG_INFORMATION_FORMAT = dwarf;
				ENABLE_STRICT_OBJC_MSGSEND = YES;
				ENABLE_TESTABILITY = YES;
				ENABLE_USER_SCRIPT_SANDBOXING = YES;
				GCC_C_LANGUAGE_STANDARD = gnu17;
				GCC_DYNAMIC_NO_PIC = NO;
				GCC_NO_COMMON_BLOCKS = YES;
				GCC_OPTIMIZATION_LEVEL = 0;
				GCC_PREPROCESSOR_DEFINITIONS = (
					"DEBUG=1",
					"$(inherited)",
				);
				GCC_WARN_64_TO_32_BIT_CONVERSION = YES;
				GCC_WARN_ABOUT_RETURN_TYPE = YES_ERROR;
				GCC_WARN_UNDECLARED_SELECTOR = YES;
				GCC_WARN_UNINITIALIZED_AUTOS = YES_AGGRESSIVE;
				GCC_WARN_UNUSED_FUNCTION = YES;
				GCC_WARN_UNUSED_VARIABLE = YES;
				IPHONEOS_DEPLOYMENT_TARGET = 17.4;
				LOCALIZATION_PREFERS_STRING_CATALOGS = YES;
				MTL_ENABLE_DEBUG_INFO = INCLUDE_SOURCE;
				MTL_FAST_MATH = YES;
				ONLY_ACTIVE_ARCH = YES;
				SDKROOT = iphoneos;
				SWIFT_ACTIVE_COMPILATION_CONDITIONS = "DEBUG $(inherited)";
				SWIFT_OPTIMIZATION_LEVEL = "-Onone";
			};
			name = Debug;
		};
		B1E9BEF92BEE597D009A6365 /* Release */ = {
			isa = XCBuildConfiguration;
			buildSettings = {
				ALWAYS_SEARCH_USER_PATHS = NO;
				ASSETCATALOG_COMPILER_GENERATE_SWIFT_ASSET_SYMBOL_EXTENSIONS = YES;
				CLANG_ANALYZER_NONNULL = YES;
				CLANG_ANALYZER_NUMBER_OBJECT_CONVERSION = YES_AGGRESSIVE;
				CLANG_CXX_LANGUAGE_STANDARD = "gnu++20";
				CLANG_ENABLE_MODULES = YES;
				CLANG_ENABLE_OBJC_ARC = YES;
				CLANG_ENABLE_OBJC_WEAK = YES;
				CLANG_WARN_BLOCK_CAPTURE_AUTORELEASING = YES;
				CLANG_WARN_BOOL_CONVERSION = YES;
				CLANG_WARN_COMMA = YES;
				CLANG_WARN_CONSTANT_CONVERSION = YES;
				CLANG_WARN_DEPRECATED_OBJC_IMPLEMENTATIONS = YES;
				CLANG_WARN_DIRECT_OBJC_ISA_USAGE = YES_ERROR;
				CLANG_WARN_DOCUMENTATION_COMMENTS = YES;
				CLANG_WARN_EMPTY_BODY = YES;
				CLANG_WARN_ENUM_CONVERSION = YES;
				CLANG_WARN_INFINITE_RECURSION = YES;
				CLANG_WARN_INT_CONVERSION = YES;
				CLANG_WARN_NON_LITERAL_NULL_CONVERSION = YES;
				CLANG_WARN_OBJC_IMPLICIT_RETAIN_SELF = YES;
				CLANG_WARN_OBJC_LITERAL_CONVERSION = YES;
				CLANG_WARN_OBJC_ROOT_CLASS = YES_ERROR;
				CLANG_WARN_QUOTED_INCLUDE_IN_FRAMEWORK_HEADER = YES;
				CLANG_WARN_RANGE_LOOP_ANALYSIS = YES;
				CLANG_WARN_STRICT_PROTOTYPES = YES;
				CLANG_WARN_SUSPICIOUS_MOVE = YES;
				CLANG_WARN_UNGUARDED_AVAILABILITY = YES_AGGRESSIVE;
				CLANG_WARN_UNREACHABLE_CODE = YES;
				CLANG_WARN__DUPLICATE_METHOD_MATCH = YES;
				COPY_PHASE_STRIP = NO;
				DEBUG_INFORMATION_FORMAT = "dwarf-with-dsym";
				ENABLE_NS_ASSERTIONS = NO;
				ENABLE_STRICT_OBJC_MSGSEND = YES;
				ENABLE_USER_SCRIPT_SANDBOXING = YES;
				GCC_C_LANGUAGE_STANDARD = gnu17;
				GCC_NO_COMMON_BLOCKS = YES;
				GCC_WARN_64_TO_32_BIT_CONVERSION = YES;
				GCC_WARN_ABOUT_RETURN_TYPE = YES_ERROR;
				GCC_WARN_UNDECLARED_SELECTOR = YES;
				GCC_WARN_UNINITIALIZED_AUTOS = YES_AGGRESSIVE;
				GCC_WARN_UNUSED_FUNCTION = YES;
				GCC_WARN_UNUSED_VARIABLE = YES;
				IPHONEOS_DEPLOYMENT_TARGET = 17.4;
				LOCALIZATION_PREFERS_STRING_CATALOGS = YES;
				MTL_ENABLE_DEBUG_INFO = NO;
				MTL_FAST_MATH = YES;
				SDKROOT = iphoneos;
				SWIFT_COMPILATION_MODE = wholemodule;
				VALIDATE_PRODUCT = YES;
			};
			name = Release;
		};
		B1E9BEFB2BEE597D009A6365 /* Debug */ = {
			isa = XCBuildConfiguration;
			buildSettings = {
				ASSETCATALOG_COMPILER_APPICON_NAME = AppIcon;
				ASSETCATALOG_COMPILER_GLOBAL_ACCENT_COLOR_NAME = AccentColor;
				CODE_SIGN_STYLE = Automatic;
				CURRENT_PROJECT_VERSION = 1;
				DEVELOPMENT_TEAM = 9Q2ZLM39JN;
				GENERATE_INFOPLIST_FILE = YES;
				INFOPLIST_FILE = DailyTodo/Support/Info.plist;
				INFOPLIST_KEY_UIApplicationSupportsIndirectInputEvents = YES;
				INFOPLIST_KEY_UILaunchStoryboardName = LaunchScreen;
				INFOPLIST_KEY_UIStatusBarStyle = UIStatusBarStyleLightContent;
				INFOPLIST_KEY_UISupportedInterfaceOrientations = UIInterfaceOrientationPortrait;
				INFOPLIST_KEY_UISupportedInterfaceOrientations_iPad = "UIInterfaceOrientationLandscapeLeft UIInterfaceOrientationLandscapeRight UIInterfaceOrientationPortrait UIInterfaceOrientationPortraitUpsideDown";
				IPHONEOS_DEPLOYMENT_TARGET = 17.0;
				LD_RUNPATH_SEARCH_PATHS = (
					"$(inherited)",
					"@executable_path/Frameworks",
				);
				MARKETING_VERSION = 1.0.0;
				PRODUCT_BUNDLE_IDENTIFIER = team.nunu.app.dailyTodo;
				PRODUCT_NAME = "$(TARGET_NAME)";
				SWIFT_EMIT_LOC_STRINGS = YES;
				SWIFT_VERSION = 5.0;
				TARGETED_DEVICE_FAMILY = "1,2";
			};
			name = Debug;
		};
		B1E9BEFC2BEE597D009A6365 /* Release */ = {
			isa = XCBuildConfiguration;
			buildSettings = {
				ASSETCATALOG_COMPILER_APPICON_NAME = AppIcon;
				ASSETCATALOG_COMPILER_GLOBAL_ACCENT_COLOR_NAME = AccentColor;
				CODE_SIGN_STYLE = Automatic;
				CURRENT_PROJECT_VERSION = 1;
				DEVELOPMENT_TEAM = 9Q2ZLM39JN;
				GENERATE_INFOPLIST_FILE = YES;
				INFOPLIST_FILE = DailyTodo/Support/Info.plist;
				INFOPLIST_KEY_UIApplicationSupportsIndirectInputEvents = YES;
				INFOPLIST_KEY_UILaunchStoryboardName = LaunchScreen;
				INFOPLIST_KEY_UIStatusBarStyle = UIStatusBarStyleLightContent;
				INFOPLIST_KEY_UISupportedInterfaceOrientations = UIInterfaceOrientationPortrait;
				INFOPLIST_KEY_UISupportedInterfaceOrientations_iPad = "UIInterfaceOrientationLandscapeLeft UIInterfaceOrientationLandscapeRight UIInterfaceOrientationPortrait UIInterfaceOrientationPortraitUpsideDown";
				IPHONEOS_DEPLOYMENT_TARGET = 17.0;
				LD_RUNPATH_SEARCH_PATHS = (
					"$(inherited)",
					"@executable_path/Frameworks",
				);
				MARKETING_VERSION = 1.0.0;
				PRODUCT_BUNDLE_IDENTIFIER = team.nunu.app.dailyTodo;
				PRODUCT_NAME = "$(TARGET_NAME)";
				SWIFT_EMIT_LOC_STRINGS = YES;
				SWIFT_VERSION = 5.0;
				TARGETED_DEVICE_FAMILY = "1,2";
			};
			name = Release;
		};
		B1E9BEFE2BEE597D009A6365 /* Debug */ = {
			isa = XCBuildConfiguration;
			buildSettings = {
				ALWAYS_EMBED_SWIFT_STANDARD_LIBRARIES = YES;
				BUNDLE_LOADER = "$(TEST_HOST)";
				CODE_SIGN_STYLE = Automatic;
				CURRENT_PROJECT_VERSION = 1;
				DEVELOPMENT_TEAM = 9Q2ZLM39JN;
				GENERATE_INFOPLIST_FILE = YES;
				IPHONEOS_DEPLOYMENT_TARGET = 17.4;
				MARKETING_VERSION = 1.0;
				PRODUCT_BUNDLE_IDENTIFIER = team.nunu.app.DailyTodoTests;
				PRODUCT_NAME = "$(TARGET_NAME)";
				SWIFT_EMIT_LOC_STRINGS = NO;
				SWIFT_VERSION = 5.0;
				TARGETED_DEVICE_FAMILY = "1,2";
				TEST_HOST = "$(BUILT_PRODUCTS_DIR)/DailyTodo.app/$(BUNDLE_EXECUTABLE_FOLDER_PATH)/DailyTodo";
			};
			name = Debug;
		};
		B1E9BEFF2BEE597D009A6365 /* Release */ = {
			isa = XCBuildConfiguration;
			buildSettings = {
				ALWAYS_EMBED_SWIFT_STANDARD_LIBRARIES = YES;
				BUNDLE_LOADER = "$(TEST_HOST)";
				CODE_SIGN_STYLE = Automatic;
				CURRENT_PROJECT_VERSION = 1;
				DEVELOPMENT_TEAM = 9Q2ZLM39JN;
				GENERATE_INFOPLIST_FILE = YES;
				IPHONEOS_DEPLOYMENT_TARGET = 17.4;
				MARKETING_VERSION = 1.0;
				PRODUCT_BUNDLE_IDENTIFIER = team.nunu.app.DailyTodoTests;
				PRODUCT_NAME = "$(TARGET_NAME)";
				SWIFT_EMIT_LOC_STRINGS = NO;
				SWIFT_VERSION = 5.0;
				TARGETED_DEVICE_FAMILY = "1,2";
				TEST_HOST = "$(BUILT_PRODUCTS_DIR)/DailyTodo.app/$(BUNDLE_EXECUTABLE_FOLDER_PATH)/DailyTodo";
			};
			name = Release;
		};
		B1E9BF012BEE597D009A6365 /* Debug */ = {
			isa = XCBuildConfiguration;
			buildSettings = {
				ALWAYS_EMBED_SWIFT_STANDARD_LIBRARIES = YES;
				CODE_SIGN_STYLE = Automatic;
				CURRENT_PROJECT_VERSION = 1;
				DEVELOPMENT_TEAM = 9Q2ZLM39JN;
				GENERATE_INFOPLIST_FILE = YES;
				MARKETING_VERSION = 1.0;
				PRODUCT_BUNDLE_IDENTIFIER = team.nunu.app.DailyTodoUITests;
				PRODUCT_NAME = "$(TARGET_NAME)";
				SWIFT_EMIT_LOC_STRINGS = NO;
				SWIFT_VERSION = 5.0;
				TARGETED_DEVICE_FAMILY = "1,2";
				TEST_TARGET_NAME = DailyTodo;
			};
			name = Debug;
		};
		B1E9BF022BEE597D009A6365 /* Release */ = {
			isa = XCBuildConfiguration;
			buildSettings = {
				ALWAYS_EMBED_SWIFT_STANDARD_LIBRARIES = YES;
				CODE_SIGN_STYLE = Automatic;
				CURRENT_PROJECT_VERSION = 1;
				DEVELOPMENT_TEAM = 9Q2ZLM39JN;
				GENERATE_INFOPLIST_FILE = YES;
				MARKETING_VERSION = 1.0;
				PRODUCT_BUNDLE_IDENTIFIER = team.nunu.app.DailyTodoUITests;
				PRODUCT_NAME = "$(TARGET_NAME)";
				SWIFT_EMIT_LOC_STRINGS = NO;
				SWIFT_VERSION = 5.0;
				TARGETED_DEVICE_FAMILY = "1,2";
				TEST_TARGET_NAME = DailyTodo;
			};
			name = Release;
		};
/* End XCBuildConfiguration section */

/* Begin XCConfigurationList section */
		B1E9BECB2BEE597B009A6365 /* Build configuration list for PBXProject "DailyTodo" */ = {
			isa = XCConfigurationList;
			buildConfigurations = (
				B1E9BEF82BEE597D009A6365 /* Debug */,
				B1E9BEF92BEE597D009A6365 /* Release */,
			);
			defaultConfigurationIsVisible = 0;
			defaultConfigurationName = Release;
		};
		B1E9BEFA2BEE597D009A6365 /* Build configuration list for PBXNativeTarget "DailyTodo" */ = {
			isa = XCConfigurationList;
			buildConfigurations = (
				B1E9BEFB2BEE597D009A6365 /* Debug */,
				B1E9BEFC2BEE597D009A6365 /* Release */,
			);
			defaultConfigurationIsVisible = 0;
			defaultConfigurationName = Release;
		};
		B1E9BEFD2BEE597D009A6365 /* Build configuration list for PBXNativeTarget "DailyTodoTests" */ = {
			isa = XCConfigurationList;
			buildConfigurations = (
				B1E9BEFE2BEE597D009A6365 /* Debug */,
				B1E9BEFF2BEE597D009A6365 /* Release */,
			);
			defaultConfigurationIsVisible = 0;
			defaultConfigurationName = Release;
		};
		B1E9BF002BEE597D009A6365 /* Build configuration list for PBXNativeTarget "DailyTodoUITests" */ = {
			isa = XCConfigurationList;
			buildConfigurations = (
				B1E9BF012BEE597D009A6365 /* Debug */,
				B1E9BF022BEE597D009A6365 /* Release */,
			);
			defaultConfigurationIsVisible = 0;
			defaultConfigurationName = Release;
		};
/* End XCConfigurationList section */

/* Begin XCRemoteSwiftPackageReference section */
		B1EC825C2BF89F4900556A22 /* XCRemoteSwiftPackageReference "ReactorKit" */ = {
			isa = XCRemoteSwiftPackageReference;
			repositoryURL = "https://github.com/ReactorKit/ReactorKit";
			requirement = {
				kind = upToNextMajorVersion;
				minimumVersion = 3.2.0;
			};
		};
		B1EC825F2BF89F5800556A22 /* XCRemoteSwiftPackageReference "Then" */ = {
			isa = XCRemoteSwiftPackageReference;
			repositoryURL = "https://github.com/devxoul/Then";
			requirement = {
				kind = upToNextMajorVersion;
				minimumVersion = 3.0.0;
			};
		};
		B1EC82622BF89F6500556A22 /* XCRemoteSwiftPackageReference "FlexLayout" */ = {
			isa = XCRemoteSwiftPackageReference;
			repositoryURL = "https://github.com/layoutBox/FlexLayout";
			requirement = {
				kind = upToNextMajorVersion;
				minimumVersion = 2.0.7;
			};
		};
		B1EC82652BF89F7100556A22 /* XCRemoteSwiftPackageReference "PinLayout" */ = {
			isa = XCRemoteSwiftPackageReference;
			repositoryURL = "https://github.com/layoutBox/PinLayout";
			requirement = {
				kind = upToNextMajorVersion;
				minimumVersion = 1.10.5;
			};
		};
/* End XCRemoteSwiftPackageReference section */

/* Begin XCSwiftPackageProductDependency section */
		B1EC825D2BF89F4900556A22 /* ReactorKit */ = {
			isa = XCSwiftPackageProductDependency;
			package = B1EC825C2BF89F4900556A22 /* XCRemoteSwiftPackageReference "ReactorKit" */;
			productName = ReactorKit;
		};
		B1EC82602BF89F5800556A22 /* Then */ = {
			isa = XCSwiftPackageProductDependency;
			package = B1EC825F2BF89F5800556A22 /* XCRemoteSwiftPackageReference "Then" */;
			productName = Then;
		};
		B1EC82632BF89F6500556A22 /* FlexLayout */ = {
			isa = XCSwiftPackageProductDependency;
			package = B1EC82622BF89F6500556A22 /* XCRemoteSwiftPackageReference "FlexLayout" */;
			productName = FlexLayout;
		};
		B1EC82662BF89F7100556A22 /* PinLayout */ = {
			isa = XCSwiftPackageProductDependency;
			package = B1EC82652BF89F7100556A22 /* XCRemoteSwiftPackageReference "PinLayout" */;
			productName = PinLayout;
		};
/* End XCSwiftPackageProductDependency section */
	};
	rootObject = B1E9BEC82BEE597B009A6365 /* Project object */;
}
